PODS:
  - Alamofire (5.4.4)
  - ASCollectionView-SwiftUI (2.1.1):
    - DifferenceKit (~> 1.1)
  - DifferenceKit (1.2.0):
    - DifferenceKit/Core (= 1.2.0)
    - DifferenceKit/UIKitExtension (= 1.2.0)
  - DifferenceKit/Core (1.2.0)
  - DifferenceKit/UIKitExtension (1.2.0):
    - DifferenceKit/Core
  - DynamicJSON (2.0.2)
  - Kingfisher (7.1.1)
  - PromiseKit (6.15.3):
    - PromiseKit/CorePromise (= 6.15.3)
    - PromiseKit/Foundation (= 6.15.3)
    - PromiseKit/UIKit (= 6.15.3)
  - PromiseKit/CorePromise (6.15.3)
  - PromiseKit/Foundation (6.15.3):
    - PromiseKit/CorePromise
  - PromiseKit/UIKit (6.15.3):
    - PromiseKit/CorePromise
  - Realm (10.19.0):
    - Realm/Headers (= 10.19.0)
  - Realm/Headers (10.19.0)
  - RealmSwift (10.19.0):
    - Realm (= 10.19.0)

DEPENDENCIES:
  - Alamofire
  - ASCollectionView-SwiftUI
  - DynamicJSON
  - Kingfisher
  - PromiseKit
  - RealmSwift

SPEC REPOS:
  trunk:
    - Alamofire
    - ASCollectionView-SwiftUI
    - DifferenceKit
    - DynamicJSON
    - Kingfisher
    - PromiseKit
    - Realm
    - RealmSwift

SPEC CHECKSUMS:
  Alamofire: f3b09a368f1582ab751b3fff5460276e0d2cf5c9
  ASCollectionView-SwiftUI: 4d944307996a5c947254a3ecd3999cd6183d280a
  DifferenceKit: 5659c430bb7fe45876fa32ce5cba5d6167f0c805
  DynamicJSON: fc0c5a82980ff8aa956156f04d84fcdb2822e875
  Kingfisher: f738f9c4a3415823b8e2985d10aa2d6a9f37bc4d
  PromiseKit: 3b2b6995e51a954c46dbc550ce3da44fbfb563c5
  Realm: 869ab2a7e3bdfa6bf06d8723251539f504e6f602
  RealmSwift: f1f51c4a02fe826e5cea623b5441992f06bdc942

PODFILE CHECKSUM: 310209041d3719da0b218bc81e7e879154248640

COCOAPODS: 1.11.2
